
Microsoft Visual Studio Solution File, Format Version 12.00
# Visual Studio Version 16
VisualStudioVersion = 16.0.28803.156
MinimumVisualStudioVersion = 10.0.40219.1
Project("{9A19103F-16F7-4668-BE54-9A1E7A4F7556}") = "AuthService", "AuthService.csproj", "{9D109A30-F379-49A5-B35F-26D8253EEF1E}"
EndProject
Global
	GlobalSection(SolutionConfigurationPlatforms) = preSolution
		Debug|Any CPU = Debug|Any CPU
		Release|Any CPU = Release|Any CPU
	EndGlobalSection
	GlobalSection(ProjectConfigurationPlatforms) = postSolution
		{9D109A30-F379-49A5-B35F-26D8253EEF1E}.Debug|Any CPU.ActiveCfg = Debug|Any CPU
		{9D109A30-F379-49A5-B35F-26D8253EEF1E}.Debug|Any CPU.Build.0 = Debug|Any CPU
		{9D109A30-F379-49A5-B35F-26D8253EEF1E}.Release|Any CPU.ActiveCfg = Release|Any CPU
		{9D109A30-F379-49A5-B35F-26D8253EEF1E}.Release|Any CPU.Build.0 = Release|Any CPU
	EndGlobalSection
	GlobalSection(SolutionProperties) = preSolution
		HideSolutionNode = FALSE
	EndGlobalSection
	GlobalSection(ExtensibilityGlobals) = postSolution
		SolutionGuid = {EE7416BB-FEAF-4E1B-A557-5BE3609F1229}
	EndGlobalSection
EndGlobal
